Microsoft Visual Studio Solution File, Format Version 12.00
# Visual Studio Version 17
VisualStudioVersion = 17.5.2.0
MinimumVisualStudioVersion = 10.0.40219.1
Project("{FAE04EC0-301F-11D3-BF4B-00C04F79EFBC}") = "CaseUsuarios", "CaseUsuarios.csproj", "{7888FDE3-EE95-6871-B8A6-D2E68D91E902}"
EndProject
Global
	GlobalSection(SolutionConfigurationPlatforms) = preSolution
		Debug|Any CPU = Debug|Any CPU
		Release|Any CPU = Release|Any CPU
	EndGlobalSection
	GlobalSection(ProjectConfigurationPlatforms) = postSolution
		{7888FDE3-EE95-6871-B8A6-D2E68D91E902}.Debug|Any CPU.ActiveCfg = Debug|Any CPU
		{7888FDE3-EE95-6871-B8A6-D2E68D91E902}.Debug|Any CPU.Build.0 = Debug|Any CPU
		{7888FDE3-EE95-6871-B8A6-D2E68D91E902}.Release|Any CPU.ActiveCfg = Release|Any CPU
		{7888FDE3-EE95-6871-B8A6-D2E68D91E902}.Release|Any CPU.Build.0 = Release|Any CPU
	EndGlobalSection
	GlobalSection(SolutionProperties) = preSolution
		HideSolutionNode = FALSE
	EndGlobalSection
	GlobalSection(ExtensibilityGlobals) = postSolution
		SolutionGuid = {570ABB53-E1F2-40E2-B46B-18E1F02B1501}
	EndGlobalSection
EndGlobal
